
Microsoft Visual Studio Solution File, Format Version 12.00
# Visual Studio Version 17
VisualStudioVersion = 17.4.33110.190
MinimumVisualStudioVersion = 10.0.40219.1
Project("{9A19103F-16F7-4668-BE54-9A1E7A4F7556}") = "DapperCore@3.1", "DapperCore@3.1.csproj", "{0BC65E73-1976-45B0-83EB-C4C027009635}"
EndProject
Project("{FAE04EC0-301F-11D3-BF4B-00C04F79EFBC}") = "DapperCore@3.1.Tests", "..\DapperCore@3.1.Tests\DapperCore@3.1.Tests.csproj", "{1D9D691E-622C-4DBB-B0CD-023859471F59}"
EndProject
Global
	GlobalSection(SolutionConfigurationPlatforms) = preSolution
		Debug|Any CPU = Debug|Any CPU
		Release|Any CPU = Release|Any CPU
	EndGlobalSection
	GlobalSection(ProjectConfigurationPlatforms) = postSolution
		{0BC65E73-1976-45B0-83EB-C4C027009635}.Debug|Any CPU.ActiveCfg = Debug|Any CPU
		{0BC65E73-1976-45B0-83EB-C4C027009635}.Debug|Any CPU.Build.0 = Debug|Any CPU
		{0BC65E73-1976-45B0-83EB-C4C027009635}.Release|Any CPU.ActiveCfg = Release|Any CPU
		{0BC65E73-1976-45B0-83EB-C4C027009635}.Release|Any CPU.Build.0 = Release|Any CPU
		{1D9D691E-622C-4DBB-B0CD-023859471F59}.Debug|Any CPU.ActiveCfg = Debug|Any CPU
		{1D9D691E-622C-4DBB-B0CD-023859471F59}.Debug|Any CPU.Build.0 = Debug|Any CPU
		{1D9D691E-622C-4DBB-B0CD-023859471F59}.Release|Any CPU.ActiveCfg = Release|Any CPU
		{1D9D691E-622C-4DBB-B0CD-023859471F59}.Release|Any CPU.Build.0 = Release|Any CPU
	EndGlobalSection
	GlobalSection(SolutionProperties) = preSolution
		HideSolutionNode = FALSE
	EndGlobalSection
	GlobalSection(ExtensibilityGlobals) = postSolution
		SolutionGuid = {E71409FF-F6B8-44CC-AC38-924516BF148B}
	EndGlobalSection
EndGlobal
