
Microsoft Visual Studio Solution File, Format Version 12.00
# Visual Studio Version 17
VisualStudioVersion = 17.3.32929.385
MinimumVisualStudioVersion = 10.0.40219.1
Project("{FAE04EC0-301F-11D3-BF4B-00C04F79EFBC}") = "ADONet_Ef_Dapper", "ADONet_Ef_Dapper.csproj", "{6DAD8121-8B2B-4FA2-AF02-4F0F0C985940}"
EndProject
Global
	GlobalSection(SolutionConfigurationPlatforms) = preSolution
		Debug|Any CPU = Debug|Any CPU
		Release|Any CPU = Release|Any CPU
	EndGlobalSection
	GlobalSection(ProjectConfigurationPlatforms) = postSolution
		{6DAD8121-8B2B-4FA2-AF02-4F0F0C985940}.Debug|Any CPU.ActiveCfg = Debug|Any CPU
		{6DAD8121-8B2B-4FA2-AF02-4F0F0C985940}.Debug|Any CPU.Build.0 = Debug|Any CPU
		{6DAD8121-8B2B-4FA2-AF02-4F0F0C985940}.Release|Any CPU.ActiveCfg = Release|Any CPU
		{6DAD8121-8B2B-4FA2-AF02-4F0F0C985940}.Release|Any CPU.Build.0 = Release|Any CPU
	EndGlobalSection
	GlobalSection(SolutionProperties) = preSolution
		HideSolutionNode = FALSE
	EndGlobalSection
	GlobalSection(ExtensibilityGlobals) = postSolution
		SolutionGuid = {32E9336A-B46F-4614-8CF4-AA12F486F4BE}
	EndGlobalSection
EndGlobal
